
Microsoft Visual Studio Solution File, Format Version 12.00
# Visual Studio Version 17
Project("{8BC9CEB8-8B4A-11D0-8D11-00A0C91BC942}") = "ZRenIE", "ZRenIE\ZRenIE.vcxproj", "{9266D4DF-7E08-FFB5-67C3-120A53048606}"
EndProject
Project("{8BC9CEB8-8B4A-11D0-8D11-00A0C91BC942}") = "glfwPremake", "vendor\glfwPremake\glfwPremake.vcxproj", "{FA18DBA3-66CE-5399-EFC2-4D705B774A9D}"
EndProject
Global
	GlobalSection(SolutionConfigurationPlatforms) = preSolution
		Debug|x64 = Debug|x64
		Release|x64 = Release|x64
	EndGlobalSection
	GlobalSection(ProjectConfigurationPlatforms) = postSolution
		{9266D4DF-7E08-FFB5-67C3-120A53048606}.Debug|x64.ActiveCfg = Debug|x64
		{9266D4DF-7E08-FFB5-67C3-120A53048606}.Debug|x64.Build.0 = Debug|x64
		{9266D4DF-7E08-FFB5-67C3-120A53048606}.Release|x64.ActiveCfg = Release|x64
		{9266D4DF-7E08-FFB5-67C3-120A53048606}.Release|x64.Build.0 = Release|x64
		{FA18DBA3-66CE-5399-EFC2-4D705B774A9D}.Debug|x64.ActiveCfg = Debug|x64
		{FA18DBA3-66CE-5399-EFC2-4D705B774A9D}.Debug|x64.Build.0 = Debug|x64
		{FA18DBA3-66CE-5399-EFC2-4D705B774A9D}.Release|x64.ActiveCfg = Release|x64
		{FA18DBA3-66CE-5399-EFC2-4D705B774A9D}.Release|x64.Build.0 = Release|x64
	EndGlobalSection
	GlobalSection(SolutionProperties) = preSolution
		HideSolutionNode = FALSE
	EndGlobalSection
EndGlobal
